
Microsoft Visual Studio Solution File, Format Version 12.00
# Visual Studio Version 17
VisualStudioVersion = 17.2.32630.192
MinimumVisualStudioVersion = 15.0.26124.0
Project("{9A19103F-16F7-4668-BE54-9A1E7A4F7556}") = "form-builder", "src\form-builder.csproj", "{D2141371-AD95-4456-BCB6-DE6D575FC757}"
EndProject
Project("{9A19103F-16F7-4668-BE54-9A1E7A4F7556}") = "form-builder-tests-unit", "tests\unit-tests\form-builder-tests-unit.csproj", "{B0899AB2-6568-4C17-A26B-513B6F8F85F2}"
EndProject
Global
	GlobalSection(SolutionConfigurationPlatforms) = preSolution
		Debug|Any CPU = Debug|Any CPU
		Release|Any CPU = Release|Any CPU
	EndGlobalSection
	GlobalSection(ProjectConfigurationPlatforms) = postSolution
		{D2141371-AD95-4456-BCB6-DE6D575FC757}.Debug|Any CPU.ActiveCfg = Debug|Any CPU
		{D2141371-AD95-4456-BCB6-DE6D575FC757}.Debug|Any CPU.Build.0 = Debug|Any CPU
		{D2141371-AD95-4456-BCB6-DE6D575FC757}.Release|Any CPU.ActiveCfg = Release|Any CPU
		{D2141371-AD95-4456-BCB6-DE6D575FC757}.Release|Any CPU.Build.0 = Release|Any CPU
		{B0899AB2-6568-4C17-A26B-513B6F8F85F2}.Debug|Any CPU.ActiveCfg = Debug|Any CPU
		{B0899AB2-6568-4C17-A26B-513B6F8F85F2}.Debug|Any CPU.Build.0 = Debug|Any CPU
		{B0899AB2-6568-4C17-A26B-513B6F8F85F2}.Release|Any CPU.ActiveCfg = Release|Any CPU
		{B0899AB2-6568-4C17-A26B-513B6F8F85F2}.Release|Any CPU.Build.0 = Release|Any CPU
	EndGlobalSection
	GlobalSection(SolutionProperties) = preSolution
		HideSolutionNode = FALSE
	EndGlobalSection
	GlobalSection(ExtensibilityGlobals) = postSolution
		SolutionGuid = {495E0ABE-55D9-4C94-BC61-0CEE493ECB79}
	EndGlobalSection
EndGlobal
